
Microsoft Visual Studio Solution File, Format Version 12.00
# Visual Studio 15
VisualStudioVersion = 15.0.27428.2005
MinimumVisualStudioVersion = 10.0.40219.1
Project("{FAE04EC0-301F-11D3-BF4B-00C04F79EFBC}") = "GodotExtensions", "GodotExtensions\GodotExtensions.csproj", "{D55FF9B9-40DC-4144-8CFA-E39C83C3E246}"
EndProject
Global
	GlobalSection(SolutionConfigurationPlatforms) = preSolution
		Debug|Any CPU = Debug|Any CPU
		Release|Any CPU = Release|Any CPU
	EndGlobalSection
	GlobalSection(ProjectConfigurationPlatforms) = postSolution
		{D55FF9B9-40DC-4144-8CFA-E39C83C3E246}.Debug|Any CPU.ActiveCfg = Debug|x86
		{D55FF9B9-40DC-4144-8CFA-E39C83C3E246}.Release|Any CPU.ActiveCfg = Debug|x86
		{D55FF9B9-40DC-4144-8CFA-E39C83C3E246}.Release|Any CPU.Build.0 = Debug|x86
	EndGlobalSection
	GlobalSection(SolutionProperties) = preSolution
		HideSolutionNode = FALSE
	EndGlobalSection
	GlobalSection(ExtensibilityGlobals) = postSolution
		SolutionGuid = {1C489FA9-398A-447D-A6F7-4AE164F4D3F6}
	EndGlobalSection
EndGlobal
